// !$*UTF8*$!
{
	archiveVersion = 1;
	classes = {
	};
	objectVersion = 56;
	objects = {

/* Begin PBXBuildFile section */
		DE90FAE32979174700FFDDE6 /* TabViewController.swift in Sources */ = {isa = PBXBuildFile; fileRef = DE90FAE12979174700FFDDE6 /* TabViewController.swift */; };
		DEA5D52C29790A7A00C422B0 /* AppDelegate.swift in Sources */ = {isa = PBXBuildFile; fileRef = DEA5D52B29790A7A00C422B0 /* AppDelegate.swift */; };
		DEA5D52E29790A7A00C422B0 /* SceneDelegate.swift in Sources */ = {isa = PBXBuildFile; fileRef = DEA5D52D29790A7A00C422B0 /* SceneDelegate.swift */; };
		DEA5D53529790A7B00C422B0 /* Assets.xcassets in Resources */ = {isa = PBXBuildFile; fileRef = DEA5D53429790A7B00C422B0 /* Assets.xcassets */; };
		DEA5D53829790A7B00C422B0 /* LaunchScreen.storyboard in Resources */ = {isa = PBXBuildFile; fileRef = DEA5D53629790A7B00C422B0 /* LaunchScreen.storyboard */; };
		DEA5D54A2979117A00C422B0 /* Location.swift in Sources */ = {isa = PBXBuildFile; fileRef = DEA5D5492979117A00C422B0 /* Location.swift */; };
		DEA5D54C297911AB00C422B0 /* Character.swift in Sources */ = {isa = PBXBuildFile; fileRef = DEA5D54B297911AB00C422B0 /* Character.swift */; };
		DEA5D54E297911C300C422B0 /* Episode.swift in Sources */ = {isa = PBXBuildFile; fileRef = DEA5D54D297911C300C422B0 /* Episode.swift */; };
		DEC78BDC297FA63400C85D05 /* Services.swift in Sources */ = {isa = PBXBuildFile; fileRef = DEC78BDB297FA63400C85D05 /* Services.swift */; };
		DEC78BDE297FA63D00C85D05 /* Request.swift in Sources */ = {isa = PBXBuildFile; fileRef = DEC78BDD297FA63D00C85D05 /* Request.swift */; };
		DEC78BE0297FA64600C85D05 /* Endpoint.swift in Sources */ = {isa = PBXBuildFile; fileRef = DEC78BDF297FA64600C85D05 /* Endpoint.swift */; };
		DEC78BE22980515E00C85D05 /* Origin.swift in Sources */ = {isa = PBXBuildFile; fileRef = DEC78BE12980515E00C85D05 /* Origin.swift */; };
		DEC78BE4298051F000C85D05 /* SingleLocation.swift in Sources */ = {isa = PBXBuildFile; fileRef = DEC78BE3298051F000C85D05 /* SingleLocation.swift */; };
		DEC78BE62980530500C85D05 /* CharacterStatus.swift in Sources */ = {isa = PBXBuildFile; fileRef = DEC78BE52980530500C85D05 /* CharacterStatus.swift */; };
		DEC78BE82980533000C85D05 /* CharacterGenderGender.swift in Sources */ = {isa = PBXBuildFile; fileRef = DEC78BE72980533000C85D05 /* CharacterGenderGender.swift */; };
		DEDF3DA329797CAE00A55ABD /* CharacterViewController.swift in Sources */ = {isa = PBXBuildFile; fileRef = DEDF3DA129797CAE00A55ABD /* CharacterViewController.swift */; };
		DEDF3DA429797CAE00A55ABD /* CharacterViewController.xib in Resources */ = {isa = PBXBuildFile; fileRef = DEDF3DA229797CAE00A55ABD /* CharacterViewController.xib */; };
		DEDF3DA829797CFD00A55ABD /* LocationViewController.swift in Sources */ = {isa = PBXBuildFile; fileRef = DEDF3DA629797CFD00A55ABD /* LocationViewController.swift */; };
		DEDF3DA929797CFD00A55ABD /* LocationViewController.xib in Resources */ = {isa = PBXBuildFile; fileRef = DEDF3DA729797CFD00A55ABD /* LocationViewController.xib */; };
		DEDF3DAE29797D1C00A55ABD /* EpisodeViewController.swift in Sources */ = {isa = PBXBuildFile; fileRef = DEDF3DAC29797D1C00A55ABD /* EpisodeViewController.swift */; };
		DEDF3DAF29797D1C00A55ABD /* EpisodeViewController.xib in Resources */ = {isa = PBXBuildFile; fileRef = DEDF3DAD29797D1C00A55ABD /* EpisodeViewController.xib */; };
		DEDF3DB429797D4E00A55ABD /* SettingViewController.swift in Sources */ = {isa = PBXBuildFile; fileRef = DEDF3DB229797D4E00A55ABD /* SettingViewController.swift */; };
		DEDF3DB529797D4E00A55ABD /* SettingViewController.xib in Resources */ = {isa = PBXBuildFile; fileRef = DEDF3DB329797D4E00A55ABD /* SettingViewController.xib */; };
/* End PBXBuildFile section */

/* Begin PBXFileReference section */
		DE90FAE12979174700FFDDE6 /* TabViewController.swift */ = {isa = PBXFileReference; lastKnownFileType = sourcecode.swift; path = TabViewController.swift; sourceTree = "<group>"; };
		DEA5D52829790A7A00C422B0 /* ApiApp.app */ = {isa = PBXFileReference; explicitFileType = wrapper.application; includeInIndex = 0; path = ApiApp.app; sourceTree = BUILT_PRODUCTS_DIR; };
		DEA5D52B29790A7A00C422B0 /* AppDelegate.swift */ = {isa = PBXFileReference; lastKnownFileType = sourcecode.swift; path = AppDelegate.swift; sourceTree = "<group>"; };
		DEA5D52D29790A7A00C422B0 /* SceneDelegate.swift */ = {isa = PBXFileReference; lastKnownFileType = sourcecode.swift; path = SceneDelegate.swift; sourceTree = "<group>"; };
		DEA5D53429790A7B00C422B0 /* Assets.xcassets */ = {isa = PBXFileReference; lastKnownFileType = folder.assetcatalog; path = Assets.xcassets; sourceTree = "<group>"; };
		DEA5D53729790A7B00C422B0 /* Base */ = {isa = PBXFileReference; lastKnownFileType = file.storyboard; name = Base; path = Base.lproj/LaunchScreen.storyboard; sourceTree = "<group>"; };
		DEA5D53929790A7B00C422B0 /* Info.plist */ = {isa = PBXFileReference; lastKnownFileType = text.plist.xml; path = Info.plist; sourceTree = "<group>"; };
		DEA5D5492979117A00C422B0 /* Location.swift */ = {isa = PBXFileReference; lastKnownFileType = sourcecode.swift; path = Location.swift; sourceTree = "<group>"; };
		DEA5D54B297911AB00C422B0 /* Character.swift */ = {isa = PBXFileReference; lastKnownFileType = sourcecode.swift; path = Character.swift; sourceTree = "<group>"; };
		DEA5D54D297911C300C422B0 /* Episode.swift */ = {isa = PBXFileReference; lastKnownFileType = sourcecode.swift; path = Episode.swift; sourceTree = "<group>"; };
		DEC78BDB297FA63400C85D05 /* Services.swift */ = {isa = PBXFileReference; lastKnownFileType = sourcecode.swift; path = Services.swift; sourceTree = "<group>"; };
		DEC78BDD297FA63D00C85D05 /* Request.swift */ = {isa = PBXFileReference; lastKnownFileType = sourcecode.swift; path = Request.swift; sourceTree = "<group>"; };
		DEC78BDF297FA64600C85D05 /* Endpoint.swift */ = {isa = PBXFileReference; lastKnownFileType = sourcecode.swift; path = Endpoint.swift; sourceTree = "<group>"; };
		DEC78BE12980515E00C85D05 /* Origin.swift */ = {isa = PBXFileReference; lastKnownFileType = sourcecode.swift; path = Origin.swift; sourceTree = "<group>"; };
		DEC78BE3298051F000C85D05 /* SingleLocation.swift */ = {isa = PBXFileReference; lastKnownFileType = sourcecode.swift; path = SingleLocation.swift; sourceTree = "<group>"; };
		DEC78BE52980530500C85D05 /* CharacterStatus.swift */ = {isa = PBXFileReference; lastKnownFileType = sourcecode.swift; path = CharacterStatus.swift; sourceTree = "<group>"; };
		DEC78BE72980533000C85D05 /* CharacterGenderGender.swift */ = {isa = PBXFileReference; lastKnownFileType = sourcecode.swift; path = CharacterGenderGender.swift; sourceTree = "<group>"; };
		DEDF3DA129797CAE00A55ABD /* CharacterViewController.swift */ = {isa = PBXFileReference; lastKnownFileType = sourcecode.swift; path = CharacterViewController.swift; sourceTree = "<group>"; };
		DEDF3DA229797CAE00A55ABD /* CharacterViewController.xib */ = {isa = PBXFileReference; lastKnownFileType = file.xib; path = CharacterViewController.xib; sourceTree = "<group>"; };
		DEDF3DA629797CFD00A55ABD /* LocationViewController.swift */ = {isa = PBXFileReference; lastKnownFileType = sourcecode.swift; path = LocationViewController.swift; sourceTree = "<group>"; };
		DEDF3DA729797CFD00A55ABD /* LocationViewController.xib */ = {isa = PBXFileReference; lastKnownFileType = file.xib; path = LocationViewController.xib; sourceTree = "<group>"; };
		DEDF3DAC29797D1C00A55ABD /* EpisodeViewController.swift */ = {isa = PBXFileReference; lastKnownFileType = sourcecode.swift; path = EpisodeViewController.swift; sourceTree = "<group>"; };
		DEDF3DAD29797D1C00A55ABD /* EpisodeViewController.xib */ = {isa = PBXFileReference; lastKnownFileType = file.xib; path = EpisodeViewController.xib; sourceTree = "<group>"; };
		DEDF3DB229797D4E00A55ABD /* SettingViewController.swift */ = {isa = PBXFileReference; lastKnownFileType = sourcecode.swift; path = SettingViewController.swift; sourceTree = "<group>"; };
		DEDF3DB329797D4E00A55ABD /* SettingViewController.xib */ = {isa = PBXFileReference; lastKnownFileType = file.xib; path = SettingViewController.xib; sourceTree = "<group>"; };
/* End PBXFileReference section */

/* Begin PBXFrameworksBuildPhase section */
		DEA5D52529790A7A00C422B0 /* Frameworks */ = {
			isa = PBXFrameworksBuildPhase;
			buildActionMask = 2147483647;
			files = (
			);
			runOnlyForDeploymentPostprocessing = 0;
		};
/* End PBXFrameworksBuildPhase section */

/* Begin PBXGroup section */
		DEA5D51F29790A7A00C422B0 = {
			isa = PBXGroup;
			children = (
				DEA5D52A29790A7A00C422B0 /* ApiApp */,
				DEA5D52929790A7A00C422B0 /* Products */,
			);
			sourceTree = "<group>";
		};
		DEA5D52929790A7A00C422B0 /* Products */ = {
			isa = PBXGroup;
			children = (
				DEA5D52829790A7A00C422B0 /* ApiApp.app */,
			);
			name = Products;
			sourceTree = "<group>";
		};
		DEA5D52A29790A7A00C422B0 /* ApiApp */ = {
			isa = PBXGroup;
			children = (
				DEA5D548297910E100C422B0 /* Views */,
				DEA5D547297910D300C422B0 /* Resources */,
				DEA5D546297910C300C422B0 /* APIClient */,
				DEA5D545297910B800C422B0 /* ViewModel */,
				DEA5D544297910AB00C422B0 /* Controllers */,
				DEA5D5432979109500C422B0 /* Managers */,
				DEA5D53929790A7B00C422B0 /* Info.plist */,
			);
			path = ApiApp;
			sourceTree = "<group>";
		};
		DEA5D5432979109500C422B0 /* Managers */ = {
			isa = PBXGroup;
			children = (
			);
			path = Managers;
			sourceTree = "<group>";
		};
		DEA5D544297910AB00C422B0 /* Controllers */ = {
			isa = PBXGroup;
			children = (
				DEDF3DA529797CD300A55ABD /* Core */,
				DEA5D54F2979123700C422B0 /* TabBar */,
			);
			path = Controllers;
			sourceTree = "<group>";
		};
		DEA5D545297910B800C422B0 /* ViewModel */ = {
			isa = PBXGroup;
			children = (
				DEA5D5492979117A00C422B0 /* Location.swift */,
				DEA5D54D297911C300C422B0 /* Episode.swift */,
				DEA5D54B297911AB00C422B0 /* Character.swift */,
				DEC78BE12980515E00C85D05 /* Origin.swift */,
				DEC78BE3298051F000C85D05 /* SingleLocation.swift */,
				DEC78BE52980530500C85D05 /* CharacterStatus.swift */,
				DEC78BE72980533000C85D05 /* CharacterGenderGender.swift */,
			);
			path = ViewModel;
			sourceTree = "<group>";
		};
		DEA5D546297910C300C422B0 /* APIClient */ = {
			isa = PBXGroup;
			children = (
				DEC78BDB297FA63400C85D05 /* Services.swift */,
				DEC78BDD297FA63D00C85D05 /* Request.swift */,
				DEC78BDF297FA64600C85D05 /* Endpoint.swift */,
			);
			path = APIClient;
			sourceTree = "<group>";
		};
		DEA5D547297910D300C422B0 /* Resources */ = {
			isa = PBXGroup;
			children = (
				DEA5D53429790A7B00C422B0 /* Assets.xcassets */,
				DEA5D53629790A7B00C422B0 /* LaunchScreen.storyboard */,
				DEA5D52D29790A7A00C422B0 /* SceneDelegate.swift */,
				DEA5D52B29790A7A00C422B0 /* AppDelegate.swift */,
			);
			path = Resources;
			sourceTree = "<group>";
		};
		DEA5D548297910E100C422B0 /* Views */ = {
			isa = PBXGroup;
			children = (
			);
			path = Views;
			sourceTree = "<group>";
		};
		DEA5D54F2979123700C422B0 /* TabBar */ = {
			isa = PBXGroup;
			children = (
				DE90FAE12979174700FFDDE6 /* TabViewController.swift */,
			);
			path = TabBar;
			sourceTree = "<group>";
		};
		DEDF3DA529797CD300A55ABD /* Core */ = {
			isa = PBXGroup;
			children = (
				DEDF3DA129797CAE00A55ABD /* CharacterViewController.swift */,
				DEDF3DA229797CAE00A55ABD /* CharacterViewController.xib */,
				DEDF3DAC29797D1C00A55ABD /* EpisodeViewController.swift */,
				DEDF3DAD29797D1C00A55ABD /* EpisodeViewController.xib */,
				DEDF3DB229797D4E00A55ABD /* SettingViewController.swift */,
				DEDF3DB329797D4E00A55ABD /* SettingViewController.xib */,
				DEDF3DA629797CFD00A55ABD /* LocationViewController.swift */,
				DEDF3DA729797CFD00A55ABD /* LocationViewController.xib */,
			);
			path = Core;
			sourceTree = "<group>";
		};
/* End PBXGroup section */

/* Begin PBXNativeTarget section */
		DEA5D52729790A7A00C422B0 /* ApiApp */ = {
			isa = PBXNativeTarget;
			buildConfigurationList = DEA5D53C29790A7B00C422B0 /* Build configuration list for PBXNativeTarget "ApiApp" */;
			buildPhases = (
				DEA5D52429790A7A00C422B0 /* Sources */,
				DEA5D52529790A7A00C422B0 /* Frameworks */,
				DEA5D52629790A7A00C422B0 /* Resources */,
			);
			buildRules = (
			);
			dependencies = (
			);
			name = ApiApp;
			productName = ApiApp;
			productReference = DEA5D52829790A7A00C422B0 /* ApiApp.app */;
			productType = "com.apple.product-type.application";
		};
/* End PBXNativeTarget section */

/* Begin PBXProject section */
		DEA5D52029790A7A00C422B0 /* Project object */ = {
			isa = PBXProject;
			attributes = {
				BuildIndependentTargetsInParallel = 1;
				LastSwiftUpdateCheck = 1420;
				LastUpgradeCheck = 1420;
				TargetAttributes = {
					DEA5D52729790A7A00C422B0 = {
						CreatedOnToolsVersion = 14.2;
					};
				};
			};
			buildConfigurationList = DEA5D52329790A7A00C422B0 /* Build configuration list for PBXProject "ApiApp" */;
			compatibilityVersion = "Xcode 14.0";
			developmentRegion = en;
			hasScannedForEncodings = 0;
			knownRegions = (
				en,
				Base,
			);
			mainGroup = DEA5D51F29790A7A00C422B0;
			productRefGroup = DEA5D52929790A7A00C422B0 /* Products */;
			projectDirPath = "";
			projectRoot = "";
			targets = (
				DEA5D52729790A7A00C422B0 /* ApiApp */,
			);
		};
/* End PBXProject section */

/* Begin PBXResourcesBuildPhase section */
		DEA5D52629790A7A00C422B0 /* Resources */ = {
			isa = PBXResourcesBuildPhase;
			buildActionMask = 2147483647;
			files = (
				DEDF3DAF29797D1C00A55ABD /* EpisodeViewController.xib in Resources */,
				DEDF3DB529797D4E00A55ABD /* SettingViewController.xib in Resources */,
				DEDF3DA429797CAE00A55ABD /* CharacterViewController.xib in Resources */,
				DEA5D53829790A7B00C422B0 /* LaunchScreen.storyboard in Resources */,
				DEA5D53529790A7B00C422B0 /* Assets.xcassets in Resources */,
				DEDF3DA929797CFD00A55ABD /* LocationViewController.xib in Resources */,
			);
			runOnlyForDeploymentPostprocessing = 0;
		};
/* End PBXResourcesBuildPhase section */

/* Begin PBXSourcesBuildPhase section */
		DEA5D52429790A7A00C422B0 /* Sources */ = {
			isa = PBXSourcesBuildPhase;
			buildActionMask = 2147483647;
			files = (
				DEA5D52C29790A7A00C422B0 /* AppDelegate.swift in Sources */,
				DEC78BE62980530500C85D05 /* CharacterStatus.swift in Sources */,
				DEC78BDE297FA63D00C85D05 /* Request.swift in Sources */,
				DEDF3DAE29797D1C00A55ABD /* EpisodeViewController.swift in Sources */,
				DEC78BE0297FA64600C85D05 /* Endpoint.swift in Sources */,
				DEA5D54E297911C300C422B0 /* Episode.swift in Sources */,
				DEC78BDC297FA63400C85D05 /* Services.swift in Sources */,
				DEDF3DA329797CAE00A55ABD /* CharacterViewController.swift in Sources */,
				DEA5D54A2979117A00C422B0 /* Location.swift in Sources */,
				DEDF3DB429797D4E00A55ABD /* SettingViewController.swift in Sources */,
				DE90FAE32979174700FFDDE6 /* TabViewController.swift in Sources */,
				DEA5D54C297911AB00C422B0 /* Character.swift in Sources */,
				DEA5D52E29790A7A00C422B0 /* SceneDelegate.swift in Sources */,
				DEDF3DA829797CFD00A55ABD /* LocationViewController.swift in Sources */,
				DEC78BE22980515E00C85D05 /* Origin.swift in Sources */,
				DEC78BE4298051F000C85D05 /* SingleLocation.swift in Sources */,
				DEC78BE82980533000C85D05 /* CharacterGenderGender.swift in Sources */,
			);
			runOnlyForDeploymentPostprocessing = 0;
		};
/* End PBXSourcesBuildPhase section */

/* Begin PBXVariantGroup section */
		DEA5D53629790A7B00C422B0 /* LaunchScreen.storyboard */ = {
			isa = PBXVariantGroup;
			children = (
				DEA5D53729790A7B00C422B0 /* Base */,
			);
			name = LaunchScreen.storyboard;
			sourceTree = "<group>";
		};
/* End PBXVariantGroup section */

/* Begin XCBuildConfiguration section */
		DEA5D53A29790A7B00C422B0 /* Debug */ = {
			isa = XCBuildConfiguration;
			buildSettings = {
				ALWAYS_SEARCH_USER_PATHS = NO;
				CLANG_ANALYZER_NONNULL = YES;
				CLANG_ANALYZER_NUMBER_OBJECT_CONVERSION = YES_AGGRESSIVE;
				CLANG_CXX_LANGUAGE_STANDARD = "gnu++20";
				CLANG_ENABLE_MODULES = YES;
				CLANG_ENABLE_OBJC_ARC = YES;
				CLANG_ENABLE_OBJC_WEAK = YES;
				CLANG_WARN_BLOCK_CAPTURE_AUTORELEASING = YES;
				CLANG_WARN_BOOL_CONVERSION = YES;
				CLANG_WARN_COMMA = YES;
				CLANG_WARN_CONSTANT_CONVERSION = YES;
				CLANG_WARN_DEPRECATED_OBJC_IMPLEMENTATIONS = YES;
				CLANG_WARN_DIRECT_OBJC_ISA_USAGE = YES_ERROR;
				CLANG_WARN_DOCUMENTATION_COMMENTS = YES;
				CLANG_WARN_EMPTY_BODY = YES;
				CLANG_WARN_ENUM_CONVERSION = YES;
				CLANG_WARN_INFINITE_RECURSION = YES;
				CLANG_WARN_INT_CONVERSION = YES;
				CLANG_WARN_NON_LITERAL_NULL_CONVERSION = YES;
				CLANG_WARN_OBJC_IMPLICIT_RETAIN_SELF = YES;
				CLANG_WARN_OBJC_LITERAL_CONVERSION = YES;
				CLANG_WARN_OBJC_ROOT_CLASS = YES_ERROR;
				CLANG_WARN_QUOTED_INCLUDE_IN_FRAMEWORK_HEADER = YES;
				CLANG_WARN_RANGE_LOOP_ANALYSIS = YES;
				CLANG_WARN_STRICT_PROTOTYPES = YES;
				CLANG_WARN_SUSPICIOUS_MOVE = YES;
				CLANG_WARN_UNGUARDED_AVAILABILITY = YES_AGGRESSIVE;
				CLANG_WARN_UNREACHABLE_CODE = YES;
				CLANG_WARN__DUPLICATE_METHOD_MATCH = YES;
				COPY_PHASE_STRIP = NO;
				DEBUG_INFORMATION_FORMAT = dwarf;
				ENABLE_STRICT_OBJC_MSGSEND = YES;
				ENABLE_TESTABILITY = YES;
				GCC_C_LANGUAGE_STANDARD = gnu11;
				GCC_DYNAMIC_NO_PIC = NO;
				GCC_NO_COMMON_BLOCKS = YES;
				GCC_OPTIMIZATION_LEVEL = 0;
				GCC_PREPROCESSOR_DEFINITIONS = (
					"DEBUG=1",
					"$(inherited)",
				);
				GCC_WARN_64_TO_32_BIT_CONVERSION = YES;
				GCC_WARN_ABOUT_RETURN_TYPE = YES_ERROR;
				GCC_WARN_UNDECLARED_SELECTOR = YES;
				GCC_WARN_UNINITIALIZED_AUTOS = YES_AGGRESSIVE;
				GCC_WARN_UNUSED_FUNCTION = YES;
				GCC_WARN_UNUSED_VARIABLE = YES;
				IPHONEOS_DEPLOYMENT_TARGET = 16.2;
				MTL_ENABLE_DEBUG_INFO = INCLUDE_SOURCE;
				MTL_FAST_MATH = YES;
				ONLY_ACTIVE_ARCH = YES;
				SDKROOT = iphoneos;
				SWIFT_ACTIVE_COMPILATION_CONDITIONS = DEBUG;
				SWIFT_OPTIMIZATION_LEVEL = "-Onone";
			};
			name = Debug;
		};
		DEA5D53B29790A7B00C422B0 /* Release */ = {
			isa = XCBuildConfiguration;
			buildSettings = {
				ALWAYS_SEARCH_USER_PATHS = NO;
				CLANG_ANALYZER_NONNULL = YES;
				CLANG_ANALYZER_NUMBER_OBJECT_CONVERSION = YES_AGGRESSIVE;
				CLANG_CXX_LANGUAGE_STANDARD = "gnu++20";
				CLANG_ENABLE_MODULES = YES;
				CLANG_ENABLE_OBJC_ARC = YES;
				CLANG_ENABLE_OBJC_WEAK = YES;
				CLANG_WARN_BLOCK_CAPTURE_AUTORELEASING = YES;
				CLANG_WARN_BOOL_CONVERSION = YES;
				CLANG_WARN_COMMA = YES;
				CLANG_WARN_CONSTANT_CONVERSION = YES;
				CLANG_WARN_DEPRECATED_OBJC_IMPLEMENTATIONS = YES;
				CLANG_WARN_DIRECT_OBJC_ISA_USAGE = YES_ERROR;
				CLANG_WARN_DOCUMENTATION_COMMENTS = YES;
				CLANG_WARN_EMPTY_BODY = YES;
				CLANG_WARN_ENUM_CONVERSION = YES;
				CLANG_WARN_INFINITE_RECURSION = YES;
				CLANG_WARN_INT_CONVERSION = YES;
				CLANG_WARN_NON_LITERAL_NULL_CONVERSION = YES;
				CLANG_WARN_OBJC_IMPLICIT_RETAIN_SELF = YES;
				CLANG_WARN_OBJC_LITERAL_CONVERSION = YES;
				CLANG_WARN_OBJC_ROOT_CLASS = YES_ERROR;
				CLANG_WARN_QUOTED_INCLUDE_IN_FRAMEWORK_HEADER = YES;
				CLANG_WARN_RANGE_LOOP_ANALYSIS = YES;
				CLANG_WARN_STRICT_PROTOTYPES = YES;
				CLANG_WARN_SUSPICIOUS_MOVE = YES;
				CLANG_WARN_UNGUARDED_AVAILABILITY = YES_AGGRESSIVE;
				CLANG_WARN_UNREACHABLE_CODE = YES;
				CLANG_WARN__DUPLICATE_METHOD_MATCH = YES;
				COPY_PHASE_STRIP = NO;
				DEBUG_INFORMATION_FORMAT = "dwarf-with-dsym";
				ENABLE_NS_ASSERTIONS = NO;
				ENABLE_STRICT_OBJC_MSGSEND = YES;
				GCC_C_LANGUAGE_STANDARD = gnu11;
				GCC_NO_COMMON_BLOCKS = YES;
				GCC_WARN_64_TO_32_BIT_CONVERSION = YES;
				GCC_WARN_ABOUT_RETURN_TYPE = YES_ERROR;
				GCC_WARN_UNDECLARED_SELECTOR = YES;
				GCC_WARN_UNINITIALIZED_AUTOS = YES_AGGRESSIVE;
				GCC_WARN_UNUSED_FUNCTION = YES;
				GCC_WARN_UNUSED_VARIABLE = YES;
				IPHONEOS_DEPLOYMENT_TARGET = 16.2;
				MTL_ENABLE_DEBUG_INFO = NO;
				MTL_FAST_MATH = YES;
				SDKROOT = iphoneos;
				SWIFT_COMPILATION_MODE = wholemodule;
				SWIFT_OPTIMIZATION_LEVEL = "-O";
				VALIDATE_PRODUCT = YES;
			};
			name = Release;
		};
		DEA5D53D29790A7B00C422B0 /* Debug */ = {
			isa = XCBuildConfiguration;
			buildSettings = {
				ASSETCATALOG_COMPILER_APPICON_NAME = AppIcon;
				ASSETCATALOG_COMPILER_GLOBAL_ACCENT_COLOR_NAME = AccentColor;
				CODE_SIGN_STYLE = Automatic;
				CURRENT_PROJECT_VERSION = 1;
				GENERATE_INFOPLIST_FILE = YES;
				INFOPLIST_FILE = ApiApp/Info.plist;
				INFOPLIST_KEY_UIApplicationSupportsIndirectInputEvents = YES;
				INFOPLIST_KEY_UILaunchStoryboardName = LaunchScreen;
				INFOPLIST_KEY_UISupportedInterfaceOrientations_iPad = "UIInterfaceOrientationPortrait UIInterfaceOrientationPortraitUpsideDown UIInterfaceOrientationLandscapeLeft UIInterfaceOrientationLandscapeRight";
				INFOPLIST_KEY_UISupportedInterfaceOrientations_iPhone = "UIInterfaceOrientationPortrait UIInterfaceOrientationLandscapeLeft UIInterfaceOrientationLandscapeRight";
				LD_RUNPATH_SEARCH_PATHS = (
					"$(inherited)",
					"@executable_path/Frameworks",
				);
				MARKETING_VERSION = 1.0;
				PRODUCT_BUNDLE_IDENTIFIER = com.Namghjk.ApiApp;
				PRODUCT_NAME = "$(TARGET_NAME)";
				SWIFT_EMIT_LOC_STRINGS = YES;
				SWIFT_VERSION = 5.0;
				TARGETED_DEVICE_FAMILY = "1,2";
			};
			name = Debug;
		};
		DEA5D53E29790A7B00C422B0 /* Release */ = {
			isa = XCBuildConfiguration;
			buildSettings = {
				ASSETCATALOG_COMPILER_APPICON_NAME = AppIcon;
				ASSETCATALOG_COMPILER_GLOBAL_ACCENT_COLOR_NAME = AccentColor;
				CODE_SIGN_STYLE = Automatic;
				CURRENT_PROJECT_VERSION = 1;
				GENERATE_INFOPLIST_FILE = YES;
				INFOPLIST_FILE = ApiApp/Info.plist;
				INFOPLIST_KEY_UIApplicationSupportsIndirectInputEvents = YES;
				INFOPLIST_KEY_UILaunchStoryboardName = LaunchScreen;
				INFOPLIST_KEY_UISupportedInterfaceOrientations_iPad = "UIInterfaceOrientationPortrait UIInterfaceOrientationPortraitUpsideDown UIInterfaceOrientationLandscapeLeft UIInterfaceOrientationLandscapeRight";
				INFOPLIST_KEY_UISupportedInterfaceOrientations_iPhone = "UIInterfaceOrientationPortrait UIInterfaceOrientationLandscapeLeft UIInterfaceOrientationLandscapeRight";
				LD_RUNPATH_SEARCH_PATHS = (
					"$(inherited)",
					"@executable_path/Frameworks",
				);
				MARKETING_VERSION = 1.0;
				PRODUCT_BUNDLE_IDENTIFIER = com.Namghjk.ApiApp;
				PRODUCT_NAME = "$(TARGET_NAME)";
				SWIFT_EMIT_LOC_STRINGS = YES;
				SWIFT_VERSION = 5.0;
				TARGETED_DEVICE_FAMILY = "1,2";
			};
			name = Release;
		};
/* End XCBuildConfiguration section */

/* Begin XCConfigurationList section */
		DEA5D52329790A7A00C422B0 /* Build configuration list for PBXProject "ApiApp" */ = {
			isa = XCConfigurationList;
			buildConfigurations = (
				DEA5D53A29790A7B00C422B0 /* Debug */,
				DEA5D53B29790A7B00C422B0 /* Release */,
			);
			defaultConfigurationIsVisible = 0;
			defaultConfigurationName = Release;
		};
		DEA5D53C29790A7B00C422B0 /* Build configuration list for PBXNativeTarget "ApiApp" */ = {
			isa = XCConfigurationList;
			buildConfigurations = (
				DEA5D53D29790A7B00C422B0 /* Debug */,
				DEA5D53E29790A7B00C422B0 /* Release */,
			);
			defaultConfigurationIsVisible = 0;
			defaultConfigurationName = Release;
		};
/* End XCConfigurationList section */
	};
	rootObject = DEA5D52029790A7A00C422B0 /* Project object */;
}
